
Microsoft Visual Studio Solution File, Format Version 12.00
# Visual Studio 15
Project("{FAE04EC0-301F-11D3-BF4B-00C04F79EFBC}") = "GameTracker", "GameTracker.csproj", "{2159EC75-1C4F-4BD5-8CA3-05E6282C492B}"
EndProject
Global
	GlobalSection(SolutionConfigurationPlatforms) = preSolution
		Debug|Any CPU = Debug|Any CPU
		Release|Any CPU = Release|Any CPU
	EndGlobalSection
	GlobalSection(ProjectConfigurationPlatforms) = postSolution
		{2159EC75-1C4F-4BD5-8CA3-05E6282C492B}.Debug|Any CPU.ActiveCfg = Debug|Any CPU
		{2159EC75-1C4F-4BD5-8CA3-05E6282C492B}.Debug|Any CPU.Build.0 = Debug|Any CPU
		{2159EC75-1C4F-4BD5-8CA3-05E6282C492B}.Release|Any CPU.ActiveCfg = Release|Any CPU
		{2159EC75-1C4F-4BD5-8CA3-05E6282C492B}.Release|Any CPU.Build.0 = Release|Any CPU
	EndGlobalSection
	GlobalSection(MonoDevelopProperties) = preSolution
		Policies = $0
		$0.DotNetNamingPolicy = $1
		$1.DirectoryNamespaceAssociation = PrefixedHierarchical
		$0.StandardHeader = $2
	EndGlobalSection
EndGlobal
